// !$*UTF8*$!
{
	archiveVersion = 1;
	classes = {
	};
	objectVersion = 55;
	objects = {

/* Begin PBXBuildFile section */
		BE5F9E542806A41300877445 /* Lottie in Frameworks */ = {isa = PBXBuildFile; productRef = BE5F9E532806A41300877445 /* Lottie */; };
		BEA7B089280E93520080258D /* AppState.swift in Sources */ = {isa = PBXBuildFile; fileRef = BEA7B088280E93520080258D /* AppState.swift */; };
		BEA7B08B280E936B0080258D /* Strings+.swift in Sources */ = {isa = PBXBuildFile; fileRef = BEA7B08A280E936B0080258D /* Strings+.swift */; };
		BEA7B08D280E943D0080258D /* CurrencyFormatter.swift in Sources */ = {isa = PBXBuildFile; fileRef = BEA7B08C280E943D0080258D /* CurrencyFormatter.swift */; };
		BEA7B08F280E94710080258D /* Campaigns.swift in Sources */ = {isa = PBXBuildFile; fileRef = BEA7B08E280E94710080258D /* Campaigns.swift */; };
		BEA7B091280E94D50080258D /* LoginService.swift in Sources */ = {isa = PBXBuildFile; fileRef = BEA7B090280E94D50080258D /* LoginService.swift */; };
		BEA7B093280E94E10080258D /* Endpoints.swift in Sources */ = {isa = PBXBuildFile; fileRef = BEA7B092280E94E10080258D /* Endpoints.swift */; };
		BEF38AAB28056B8400F9E772 /* CNTIOSBootstrapApp.swift in Sources */ = {isa = PBXBuildFile; fileRef = BEF38AAA28056B8400F9E772 /* CNTIOSBootstrapApp.swift */; };
		BEF38AAD28056B8400F9E772 /* ContentView.swift in Sources */ = {isa = PBXBuildFile; fileRef = BEF38AAC28056B8400F9E772 /* ContentView.swift */; };
		BEF38AAF28056B8800F9E772 /* Assets.xcassets in Resources */ = {isa = PBXBuildFile; fileRef = BEF38AAE28056B8800F9E772 /* Assets.xcassets */; };
		BEF38AB228056B8800F9E772 /* Preview Assets.xcassets in Resources */ = {isa = PBXBuildFile; fileRef = BEF38AB128056B8800F9E772 /* Preview Assets.xcassets */; };
		BEF38ABC28056B8900F9E772 /* CNTIOSBootstrapAppTests.swift in Sources */ = {isa = PBXBuildFile; fileRef = BEF38ABB28056B8900F9E772 /* CNTIOSBootstrapAppTests.swift */; };
		BEF38AC628056B8900F9E772 /* CNTIOSBootstrapAppUITests.swift in Sources */ = {isa = PBXBuildFile; fileRef = BEF38AC528056B8900F9E772 /* CNTIOSBootstrapAppUITests.swift */; };
		BEF38AC828056B8900F9E772 /* CNTIOSBootstrapAppUITestsLaunchTests.swift in Sources */ = {isa = PBXBuildFile; fileRef = BEF38AC728056B8900F9E772 /* CNTIOSBootstrapAppUITestsLaunchTests.swift */; };
		BEF38AE028056D1F00F9E772 /* AppFonts.swift in Sources */ = {isa = PBXBuildFile; fileRef = BEF38ADF28056D1F00F9E772 /* AppFonts.swift */; };
		BEF38AE228056D2A00F9E772 /* AppColors.swift in Sources */ = {isa = PBXBuildFile; fileRef = BEF38AE128056D2A00F9E772 /* AppColors.swift */; };
		BEF38AE728056D6700F9E772 /* TemplateViewModel.swift in Sources */ = {isa = PBXBuildFile; fileRef = BEF38AE628056D6700F9E772 /* TemplateViewModel.swift */; };
		BEF38AE928056D8200F9E772 /* TemplateView.swift in Sources */ = {isa = PBXBuildFile; fileRef = BEF38AE828056D8200F9E772 /* TemplateView.swift */; };
		BEFA156028114B910003C569 /* MockURLProtocol.swift in Sources */ = {isa = PBXBuildFile; fileRef = BEFA155F28114B910003C569 /* MockURLProtocol.swift */; };
		BEFA156228114BAF0003C569 /* APIService.swift in Sources */ = {isa = PBXBuildFile; fileRef = BEFA156128114BAF0003C569 /* APIService.swift */; };
		BEFA15682816983C0003C569 /* LoginResponse.swift in Sources */ = {isa = PBXBuildFile; fileRef = BEFA15672816983C0003C569 /* LoginResponse.swift */; };
		BEFA156A2816993F0003C569 /* NetworkRouter.swift in Sources */ = {isa = PBXBuildFile; fileRef = BEFA15692816993F0003C569 /* NetworkRouter.swift */; };
		BEFA156C28169C6E0003C569 /* URLRequestBuilder.swift in Sources */ = {isa = PBXBuildFile; fileRef = BEFA156B28169C6E0003C569 /* URLRequestBuilder.swift */; };
		BEFA156E28169C840003C569 /* AppSession.swift in Sources */ = {isa = PBXBuildFile; fileRef = BEFA156D28169C840003C569 /* AppSession.swift */; };
		BEFA157028169D480003C569 /* NetworkError.swift in Sources */ = {isa = PBXBuildFile; fileRef = BEFA156F28169D480003C569 /* NetworkError.swift */; };
		BEFA157228169E1D0003C569 /* Constants.swift in Sources */ = {isa = PBXBuildFile; fileRef = BEFA157128169E1D0003C569 /* Constants.swift */; };
		BEFA15742816A2B00003C569 /* APIServicesTest.swift in Sources */ = {isa = PBXBuildFile; fileRef = BEFA15732816A2B00003C569 /* APIServicesTest.swift */; };
		BEFA15752816AA300003C569 /* login.json in Resources */ = {isa = PBXBuildFile; fileRef = BEFA156428114BE60003C569 /* login.json */; };
		BEFA1578281704FE0003C569 /* CampaignsView.swift in Sources */ = {isa = PBXBuildFile; fileRef = BEFA1577281704FE0003C569 /* CampaignsView.swift */; };
		BEFA157A281706590003C569 /* CampaignsViewModel.swift in Sources */ = {isa = PBXBuildFile; fileRef = BEFA1579281706590003C569 /* CampaignsViewModel.swift */; };
		BEFA157C281708600003C569 /* CampaignSummary.swift in Sources */ = {isa = PBXBuildFile; fileRef = BEFA157B281708600003C569 /* CampaignSummary.swift */; };
		BEFA157F28170BCA0003C569 /* CampaignsService.swift in Sources */ = {isa = PBXBuildFile; fileRef = BEFA157E28170BCA0003C569 /* CampaignsService.swift */; };
		BEFA1581281711960003C569 /* campaigns.json in Resources */ = {isa = PBXBuildFile; fileRef = BEFA157D28170A820003C569 /* campaigns.json */; };
		E41F1A5A2811217300BC5C7F /* LoginView.swift in Sources */ = {isa = PBXBuildFile; fileRef = E41F1A592811217300BC5C7F /* LoginView.swift */; };
		E4AF612828123E7A00D592D3 /* AppTypographyStyle.swift in Sources */ = {isa = PBXBuildFile; fileRef = E4AF612728123E7A00D592D3 /* AppTypographyStyle.swift */; };
		E4AF612A2812451E00D592D3 /* CNTButtonStyle.swift in Sources */ = {isa = PBXBuildFile; fileRef = E4AF61292812451E00D592D3 /* CNTButtonStyle.swift */; };
		E4AF612D2812456B00D592D3 /* AppTypographyStyleModifier.swift in Sources */ = {isa = PBXBuildFile; fileRef = E4AF612C2812456B00D592D3 /* AppTypographyStyleModifier.swift */; };
		E4AF612F2812462800D592D3 /* CNTButton.swift in Sources */ = {isa = PBXBuildFile; fileRef = E4AF612E2812462800D592D3 /* CNTButton.swift */; };
		E4AF6132281246B200D592D3 /* CNTTextField.swift in Sources */ = {isa = PBXBuildFile; fileRef = E4AF6131281246B200D592D3 /* CNTTextField.swift */; };
		E4AF6134281246DA00D592D3 /* VisibilityModifier.swift in Sources */ = {isa = PBXBuildFile; fileRef = E4AF6133281246DA00D592D3 /* VisibilityModifier.swift */; };
		E4AF613628124FF200D592D3 /* LoginView+ViewModel.swift in Sources */ = {isa = PBXBuildFile; fileRef = E4AF613528124FF200D592D3 /* LoginView+ViewModel.swift */; };
/* End PBXBuildFile section */

/* Begin PBXContainerItemProxy section */
		BEF38AB828056B8900F9E772 /* PBXContainerItemProxy */ = {
			isa = PBXContainerItemProxy;
			containerPortal = BEF38A9F28056B8400F9E772 /* Project object */;
			proxyType = 1;
			remoteGlobalIDString = BEF38AA628056B8400F9E772;
			remoteInfo = UrbanLegend;
		};
		BEF38AC228056B8900F9E772 /* PBXContainerItemProxy */ = {
			isa = PBXContainerItemProxy;
			containerPortal = BEF38A9F28056B8400F9E772 /* Project object */;
			proxyType = 1;
			remoteGlobalIDString = BEF38AA628056B8400F9E772;
			remoteInfo = UrbanLegend;
		};
/* End PBXContainerItemProxy section */

/* Begin PBXFileReference section */
		BEA7B088280E93520080258D /* AppState.swift */ = {isa = PBXFileReference; lastKnownFileType = sourcecode.swift; path = AppState.swift; sourceTree = "<group>"; };
		BEA7B08A280E936B0080258D /* Strings+.swift */ = {isa = PBXFileReference; lastKnownFileType = sourcecode.swift; path = "Strings+.swift"; sourceTree = "<group>"; };
		BEA7B08C280E943D0080258D /* CurrencyFormatter.swift */ = {isa = PBXFileReference; lastKnownFileType = sourcecode.swift; path = CurrencyFormatter.swift; sourceTree = "<group>"; };
		BEA7B08E280E94710080258D /* Campaigns.swift */ = {isa = PBXFileReference; lastKnownFileType = sourcecode.swift; path = Campaigns.swift; sourceTree = "<group>"; };
		BEA7B090280E94D50080258D /* LoginService.swift */ = {isa = PBXFileReference; lastKnownFileType = sourcecode.swift; path = LoginService.swift; sourceTree = "<group>"; };
		BEA7B092280E94E10080258D /* Endpoints.swift */ = {isa = PBXFileReference; lastKnownFileType = sourcecode.swift; path = Endpoints.swift; sourceTree = "<group>"; };
		BEF38AA728056B8400F9E772 /* CNTIOSBootstrapApp.app */ = {isa = PBXFileReference; explicitFileType = wrapper.application; includeInIndex = 0; path = CNTIOSBootstrapApp.app; sourceTree = BUILT_PRODUCTS_DIR; };
		BEF38AAA28056B8400F9E772 /* CNTIOSBootstrapApp.swift */ = {isa = PBXFileReference; lastKnownFileType = sourcecode.swift; path = CNTIOSBootstrapApp.swift; sourceTree = "<group>"; };
		BEF38AAC28056B8400F9E772 /* ContentView.swift */ = {isa = PBXFileReference; lastKnownFileType = sourcecode.swift; path = ContentView.swift; sourceTree = "<group>"; };
		BEF38AAE28056B8800F9E772 /* Assets.xcassets */ = {isa = PBXFileReference; lastKnownFileType = folder.assetcatalog; path = Assets.xcassets; sourceTree = "<group>"; };
		BEF38AB128056B8800F9E772 /* Preview Assets.xcassets */ = {isa = PBXFileReference; lastKnownFileType = folder.assetcatalog; path = "Preview Assets.xcassets"; sourceTree = "<group>"; };
		BEF38AB728056B8900F9E772 /* CNTIOSBootstrapAppTests.xctest */ = {isa = PBXFileReference; explicitFileType = wrapper.cfbundle; includeInIndex = 0; path = CNTIOSBootstrapAppTests.xctest; sourceTree = BUILT_PRODUCTS_DIR; };
		BEF38ABB28056B8900F9E772 /* CNTIOSBootstrapAppTests.swift */ = {isa = PBXFileReference; lastKnownFileType = sourcecode.swift; path = CNTIOSBootstrapAppTests.swift; sourceTree = "<group>"; };
		BEF38AC128056B8900F9E772 /* CNTIOSBootstrapAppUITests.xctest */ = {isa = PBXFileReference; explicitFileType = wrapper.cfbundle; includeInIndex = 0; path = CNTIOSBootstrapAppUITests.xctest; sourceTree = BUILT_PRODUCTS_DIR; };
		BEF38AC528056B8900F9E772 /* CNTIOSBootstrapAppUITests.swift */ = {isa = PBXFileReference; lastKnownFileType = sourcecode.swift; path = CNTIOSBootstrapAppUITests.swift; sourceTree = "<group>"; };
		BEF38AC728056B8900F9E772 /* CNTIOSBootstrapAppUITestsLaunchTests.swift */ = {isa = PBXFileReference; lastKnownFileType = sourcecode.swift; path = CNTIOSBootstrapAppUITestsLaunchTests.swift; sourceTree = "<group>"; };
		BEF38ADF28056D1F00F9E772 /* AppFonts.swift */ = {isa = PBXFileReference; lastKnownFileType = sourcecode.swift; path = AppFonts.swift; sourceTree = "<group>"; };
		BEF38AE128056D2A00F9E772 /* AppColors.swift */ = {isa = PBXFileReference; lastKnownFileType = sourcecode.swift; path = AppColors.swift; sourceTree = "<group>"; };
		BEF38AE628056D6700F9E772 /* TemplateViewModel.swift */ = {isa = PBXFileReference; lastKnownFileType = sourcecode.swift; path = TemplateViewModel.swift; sourceTree = "<group>"; };
		BEF38AE828056D8200F9E772 /* TemplateView.swift */ = {isa = PBXFileReference; lastKnownFileType = sourcecode.swift; path = TemplateView.swift; sourceTree = "<group>"; };
		BEFA155F28114B910003C569 /* MockURLProtocol.swift */ = {isa = PBXFileReference; fileEncoding = 4; lastKnownFileType = sourcecode.swift; path = MockURLProtocol.swift; sourceTree = "<group>"; };
		BEFA156128114BAF0003C569 /* APIService.swift */ = {isa = PBXFileReference; fileEncoding = 4; lastKnownFileType = sourcecode.swift; path = APIService.swift; sourceTree = "<group>"; };
		BEFA156428114BE60003C569 /* login.json */ = {isa = PBXFileReference; lastKnownFileType = text.json; path = login.json; sourceTree = "<group>"; };
		BEFA15672816983C0003C569 /* LoginResponse.swift */ = {isa = PBXFileReference; lastKnownFileType = sourcecode.swift; path = LoginResponse.swift; sourceTree = "<group>"; };
		BEFA15692816993F0003C569 /* NetworkRouter.swift */ = {isa = PBXFileReference; fileEncoding = 4; lastKnownFileType = sourcecode.swift; path = NetworkRouter.swift; sourceTree = "<group>"; };
		BEFA156B28169C6E0003C569 /* URLRequestBuilder.swift */ = {isa = PBXFileReference; fileEncoding = 4; lastKnownFileType = sourcecode.swift; path = URLRequestBuilder.swift; sourceTree = "<group>"; };
		BEFA156D28169C840003C569 /* AppSession.swift */ = {isa = PBXFileReference; lastKnownFileType = sourcecode.swift; path = AppSession.swift; sourceTree = "<group>"; };
		BEFA156F28169D480003C569 /* NetworkError.swift */ = {isa = PBXFileReference; fileEncoding = 4; lastKnownFileType = sourcecode.swift; path = NetworkError.swift; sourceTree = "<group>"; };
		BEFA157128169E1D0003C569 /* Constants.swift */ = {isa = PBXFileReference; fileEncoding = 4; lastKnownFileType = sourcecode.swift; path = Constants.swift; sourceTree = "<group>"; };
		BEFA15732816A2B00003C569 /* APIServicesTest.swift */ = {isa = PBXFileReference; lastKnownFileType = sourcecode.swift; path = APIServicesTest.swift; sourceTree = "<group>"; };
		BEFA1577281704FE0003C569 /* CampaignsView.swift */ = {isa = PBXFileReference; lastKnownFileType = sourcecode.swift; path = CampaignsView.swift; sourceTree = "<group>"; };
		BEFA1579281706590003C569 /* CampaignsViewModel.swift */ = {isa = PBXFileReference; lastKnownFileType = sourcecode.swift; path = CampaignsViewModel.swift; sourceTree = "<group>"; };
		BEFA157B281708600003C569 /* CampaignSummary.swift */ = {isa = PBXFileReference; lastKnownFileType = sourcecode.swift; path = CampaignSummary.swift; sourceTree = "<group>"; };
		BEFA157D28170A820003C569 /* campaigns.json */ = {isa = PBXFileReference; lastKnownFileType = text.json; path = campaigns.json; sourceTree = "<group>"; };
		BEFA157E28170BCA0003C569 /* CampaignsService.swift */ = {isa = PBXFileReference; lastKnownFileType = sourcecode.swift; path = CampaignsService.swift; sourceTree = "<group>"; };
		E41F1A592811217300BC5C7F /* LoginView.swift */ = {isa = PBXFileReference; lastKnownFileType = sourcecode.swift; path = LoginView.swift; sourceTree = "<group>"; };
		E4AF612728123E7A00D592D3 /* AppTypographyStyle.swift */ = {isa = PBXFileReference; lastKnownFileType = sourcecode.swift; path = AppTypographyStyle.swift; sourceTree = "<group>"; };
		E4AF61292812451E00D592D3 /* CNTButtonStyle.swift */ = {isa = PBXFileReference; lastKnownFileType = sourcecode.swift; path = CNTButtonStyle.swift; sourceTree = "<group>"; };
		E4AF612C2812456B00D592D3 /* AppTypographyStyleModifier.swift */ = {isa = PBXFileReference; lastKnownFileType = sourcecode.swift; path = AppTypographyStyleModifier.swift; sourceTree = "<group>"; };
		E4AF612E2812462800D592D3 /* CNTButton.swift */ = {isa = PBXFileReference; lastKnownFileType = sourcecode.swift; path = CNTButton.swift; sourceTree = "<group>"; };
		E4AF6131281246B200D592D3 /* CNTTextField.swift */ = {isa = PBXFileReference; lastKnownFileType = sourcecode.swift; path = CNTTextField.swift; sourceTree = "<group>"; };
		E4AF6133281246DA00D592D3 /* VisibilityModifier.swift */ = {isa = PBXFileReference; lastKnownFileType = sourcecode.swift; path = VisibilityModifier.swift; sourceTree = "<group>"; };
		E4AF613528124FF200D592D3 /* LoginView+ViewModel.swift */ = {isa = PBXFileReference; lastKnownFileType = sourcecode.swift; path = "LoginView+ViewModel.swift"; sourceTree = "<group>"; };
/* End PBXFileReference section */

/* Begin PBXFrameworksBuildPhase section */
		BEF38AA428056B8400F9E772 /* Frameworks */ = {
			isa = PBXFrameworksBuildPhase;
			buildActionMask = 2147483647;
			files = (
				BE5F9E542806A41300877445 /* Lottie in Frameworks */,
			);
			runOnlyForDeploymentPostprocessing = 0;
		};
		BEF38AB428056B8900F9E772 /* Frameworks */ = {
			isa = PBXFrameworksBuildPhase;
			buildActionMask = 2147483647;
			files = (
			);
			runOnlyForDeploymentPostprocessing = 0;
		};
		BEF38ABE28056B8900F9E772 /* Frameworks */ = {
			isa = PBXFrameworksBuildPhase;
			buildActionMask = 2147483647;
			files = (
			);
			runOnlyForDeploymentPostprocessing = 0;
		};
/* End PBXFrameworksBuildPhase section */

/* Begin PBXGroup section */
		BEF38A9E28056B8400F9E772 = {
			isa = PBXGroup;
			children = (
				BEF38AA928056B8400F9E772 /* CNTIOSBootstrapApp */,
				BEF38ABA28056B8900F9E772 /* CNTIOSBootstrapAppTests */,
				BEF38AC428056B8900F9E772 /* CNTIOSBootstrapAppUITests */,
				BEF38AA828056B8400F9E772 /* Products */,
			);
			sourceTree = "<group>";
		};
		BEF38AA828056B8400F9E772 /* Products */ = {
			isa = PBXGroup;
			children = (
				BEF38AA728056B8400F9E772 /* CNTIOSBootstrapApp.app */,
				BEF38AB728056B8900F9E772 /* CNTIOSBootstrapAppTests.xctest */,
				BEF38AC128056B8900F9E772 /* CNTIOSBootstrapAppUITests.xctest */,
			);
			name = Products;
			sourceTree = "<group>";
		};
		BEF38AA928056B8400F9E772 /* CNTIOSBootstrapApp */ = {
			isa = PBXGroup;
			children = (
				BEF38AD928056BE400F9E772 /* General */,
				BEF38ADB28056C3400F9E772 /* Theme */,
				BEF38ADE28056CF700F9E772 /* CustomViews */,
				BEF38AD828056BD800F9E772 /* Modules */,
				BEF38ADC28056C3D00F9E772 /* Extensions */,
				BEF38ADD28056CB900F9E772 /* Helpers */,
				BEF38AD728056BD200F9E772 /* Models */,
				BEF38AD528056BC000F9E772 /* Networking */,
				BEF38AD428056BB800F9E772 /* Resources */,
				BEF38AB028056B8800F9E772 /* Preview Content */,
			);
			path = CNTIOSBootstrapApp;
			sourceTree = "<group>";
		};
		BEF38AB028056B8800F9E772 /* Preview Content */ = {
			isa = PBXGroup;
			children = (
				BEF38AB128056B8800F9E772 /* Preview Assets.xcassets */,
			);
			path = "Preview Content";
			sourceTree = "<group>";
		};
		BEF38ABA28056B8900F9E772 /* CNTIOSBootstrapAppTests */ = {
			isa = PBXGroup;
			children = (
				BEF38ABB28056B8900F9E772 /* CNTIOSBootstrapAppTests.swift */,
				BEFA15732816A2B00003C569 /* APIServicesTest.swift */,
			);
			path = CNTIOSBootstrapAppTests;
			sourceTree = "<group>";
		};
		BEF38AC428056B8900F9E772 /* CNTIOSBootstrapAppUITests */ = {
			isa = PBXGroup;
			children = (
				BEF38AC528056B8900F9E772 /* CNTIOSBootstrapAppUITests.swift */,
				BEF38AC728056B8900F9E772 /* CNTIOSBootstrapAppUITestsLaunchTests.swift */,
			);
			path = CNTIOSBootstrapAppUITests;
			sourceTree = "<group>";
		};
		BEF38AD428056BB800F9E772 /* Resources */ = {
			isa = PBXGroup;
			children = (
				BEF38AAE28056B8800F9E772 /* Assets.xcassets */,
			);
			path = Resources;
			sourceTree = "<group>";
		};
		BEF38AD528056BC000F9E772 /* Networking */ = {
			isa = PBXGroup;
			children = (
				BEFA156128114BAF0003C569 /* APIService.swift */,
				BEFA15692816993F0003C569 /* NetworkRouter.swift */,
				BEFA156B28169C6E0003C569 /* URLRequestBuilder.swift */,
				BEFA156F28169D480003C569 /* NetworkError.swift */,
				BEFA157128169E1D0003C569 /* Constants.swift */,
				BEF38AD628056BCC00F9E772 /* Services */,
				BEF38AEA2805720B00F9E772 /* Endpoints */,
				BEF38ADA28056C2500F9E772 /* Mock */,
			);
			path = Networking;
			sourceTree = "<group>";
		};
		BEF38AD628056BCC00F9E772 /* Services */ = {
			isa = PBXGroup;
			children = (
				BEFA157E28170BCA0003C569 /* CampaignsService.swift */,
				BEA7B090280E94D50080258D /* LoginService.swift */,
			);
			path = Services;
			sourceTree = "<group>";
		};
		BEF38AD728056BD200F9E772 /* Models */ = {
			isa = PBXGroup;
			children = (
				BEA7B08E280E94710080258D /* Campaigns.swift */,
				BEFA15672816983C0003C569 /* LoginResponse.swift */,
			);
			path = Models;
			sourceTree = "<group>";
		};
		BEF38AD828056BD800F9E772 /* Modules */ = {
			isa = PBXGroup;
			children = (
				E41F1A582811216000BC5C7F /* Login */,
				BEFA1576281704D60003C569 /* Campaigns */,
				BEF38AE328056D4400F9E772 /* Template */,
			);
			path = Modules;
			sourceTree = "<group>";
		};
		BEF38AD928056BE400F9E772 /* General */ = {
			isa = PBXGroup;
			children = (
				BEF38AAA28056B8400F9E772 /* CNTIOSBootstrapApp.swift */,
				BEF38AAC28056B8400F9E772 /* ContentView.swift */,
				BEA7B088280E93520080258D /* AppState.swift */,
				BEFA156D28169C840003C569 /* AppSession.swift */,
			);
			path = General;
			sourceTree = "<group>";
		};
		BEF38ADA28056C2500F9E772 /* Mock */ = {
			isa = PBXGroup;
			children = (
				BEFA156328114BCC0003C569 /* MockData */,
				BEFA155F28114B910003C569 /* MockURLProtocol.swift */,
			);
			path = Mock;
			sourceTree = "<group>";
		};
		BEF38ADB28056C3400F9E772 /* Theme */ = {
			isa = PBXGroup;
			children = (
				BEF38ADF28056D1F00F9E772 /* AppFonts.swift */,
				BEF38AE128056D2A00F9E772 /* AppColors.swift */,
				E4AF612728123E7A00D592D3 /* AppTypographyStyle.swift */,
			);
			path = Theme;
			sourceTree = "<group>";
		};
		BEF38ADC28056C3D00F9E772 /* Extensions */ = {
			isa = PBXGroup;
			children = (
				BEA7B08A280E936B0080258D /* Strings+.swift */,
			);
			path = Extensions;
			sourceTree = "<group>";
		};
		BEF38ADD28056CB900F9E772 /* Helpers */ = {
			isa = PBXGroup;
			children = (
				E4AF612B2812455700D592D3 /* ViewModifiers */,
				BEA7B08C280E943D0080258D /* CurrencyFormatter.swift */,
			);
			path = Helpers;
			sourceTree = "<group>";
		};
		BEF38ADE28056CF700F9E772 /* CustomViews */ = {
			isa = PBXGroup;
			children = (
				BEFA158028170F210003C569 /* Campaign */,
				E4AF61302812469C00D592D3 /* TextField */,
				E4AF612628123DE600D592D3 /* Button */,
			);
			path = CustomViews;
			sourceTree = "<group>";
		};
		BEF38AE328056D4400F9E772 /* Template */ = {
			isa = PBXGroup;
			children = (
				BEF38AE828056D8200F9E772 /* TemplateView.swift */,
				BEF38AE628056D6700F9E772 /* TemplateViewModel.swift */,
			);
			path = Template;
			sourceTree = "<group>";
		};
		BEF38AEA2805720B00F9E772 /* Endpoints */ = {
			isa = PBXGroup;
			children = (
				BEA7B092280E94E10080258D /* Endpoints.swift */,
			);
			path = Endpoints;
			sourceTree = "<group>";
		};
		BEFA156328114BCC0003C569 /* MockData */ = {
			isa = PBXGroup;
			children = (
				BEFA157D28170A820003C569 /* campaigns.json */,
				BEFA156428114BE60003C569 /* login.json */,
			);
			path = MockData;
			sourceTree = "<group>";
		};
		BEFA1576281704D60003C569 /* Campaigns */ = {
			isa = PBXGroup;
			children = (
				BEFA1577281704FE0003C569 /* CampaignsView.swift */,
				BEFA1579281706590003C569 /* CampaignsViewModel.swift */,
			);
			path = Campaigns;
			sourceTree = "<group>";
		};
		BEFA158028170F210003C569 /* Campaign */ = {
			isa = PBXGroup;
			children = (
				BEFA157B281708600003C569 /* CampaignSummary.swift */,
			);
			path = Campaign;
			sourceTree = "<group>";
		};
		E41F1A582811216000BC5C7F /* Login */ = {
			isa = PBXGroup;
			children = (
				E41F1A592811217300BC5C7F /* LoginView.swift */,
				E4AF613528124FF200D592D3 /* LoginView+ViewModel.swift */,
			);
			path = Login;
			sourceTree = "<group>";
		};
		E4AF612628123DE600D592D3 /* Button */ = {
			isa = PBXGroup;
			children = (
				E4AF61292812451E00D592D3 /* CNTButtonStyle.swift */,
				E4AF612E2812462800D592D3 /* CNTButton.swift */,
			);
			path = Button;
			sourceTree = "<group>";
		};
		E4AF612B2812455700D592D3 /* ViewModifiers */ = {
			isa = PBXGroup;
			children = (
				E4AF612C2812456B00D592D3 /* AppTypographyStyleModifier.swift */,
				E4AF6133281246DA00D592D3 /* VisibilityModifier.swift */,
			);
			path = ViewModifiers;
			sourceTree = "<group>";
		};
		E4AF61302812469C00D592D3 /* TextField */ = {
			isa = PBXGroup;
			children = (
				E4AF6131281246B200D592D3 /* CNTTextField.swift */,
			);
			path = TextField;
			sourceTree = "<group>";
		};
/* End PBXGroup section */

/* Begin PBXNativeTarget section */
		BEF38AA628056B8400F9E772 /* CNTIOSBootstrapApp */ = {
			isa = PBXNativeTarget;
			buildConfigurationList = BEF38ACB28056B8900F9E772 /* Build configuration list for PBXNativeTarget "CNTIOSBootstrapApp" */;
			buildPhases = (
				BEF38AA328056B8400F9E772 /* Sources */,
				BEF38AA428056B8400F9E772 /* Frameworks */,
				BEF38AA528056B8400F9E772 /* Resources */,
			);
			buildRules = (
			);
			dependencies = (
			);
			name = CNTIOSBootstrapApp;
			packageProductDependencies = (
				BE5F9E532806A41300877445 /* Lottie */,
			);
			productName = UrbanLegend;
			productReference = BEF38AA728056B8400F9E772 /* CNTIOSBootstrapApp.app */;
			productType = "com.apple.product-type.application";
		};
		BEF38AB628056B8900F9E772 /* CNTIOSBootstrapAppTests */ = {
			isa = PBXNativeTarget;
			buildConfigurationList = BEF38ACE28056B8900F9E772 /* Build configuration list for PBXNativeTarget "CNTIOSBootstrapAppTests" */;
			buildPhases = (
				BEF38AB328056B8900F9E772 /* Sources */,
				BEF38AB428056B8900F9E772 /* Frameworks */,
				BEF38AB528056B8900F9E772 /* Resources */,
			);
			buildRules = (
			);
			dependencies = (
				BEF38AB928056B8900F9E772 /* PBXTargetDependency */,
			);
			name = CNTIOSBootstrapAppTests;
			productName = UrbanLegendTests;
			productReference = BEF38AB728056B8900F9E772 /* CNTIOSBootstrapAppTests.xctest */;
			productType = "com.apple.product-type.bundle.unit-test";
		};
		BEF38AC028056B8900F9E772 /* CNTIOSBootstrapAppUITests */ = {
			isa = PBXNativeTarget;
			buildConfigurationList = BEF38AD128056B8900F9E772 /* Build configuration list for PBXNativeTarget "CNTIOSBootstrapAppUITests" */;
			buildPhases = (
				BEF38ABD28056B8900F9E772 /* Sources */,
				BEF38ABE28056B8900F9E772 /* Frameworks */,
				BEF38ABF28056B8900F9E772 /* Resources */,
			);
			buildRules = (
			);
			dependencies = (
				BEF38AC328056B8900F9E772 /* PBXTargetDependency */,
			);
			name = CNTIOSBootstrapAppUITests;
			productName = UrbanLegendUITests;
			productReference = BEF38AC128056B8900F9E772 /* CNTIOSBootstrapAppUITests.xctest */;
			productType = "com.apple.product-type.bundle.ui-testing";
		};
/* End PBXNativeTarget section */

/* Begin PBXProject section */
		BEF38A9F28056B8400F9E772 /* Project object */ = {
			isa = PBXProject;
			attributes = {
				BuildIndependentTargetsInParallel = 1;
				LastSwiftUpdateCheck = 1320;
				LastUpgradeCheck = 1320;
				TargetAttributes = {
					BEF38AA628056B8400F9E772 = {
						CreatedOnToolsVersion = 13.2.1;
					};
					BEF38AB628056B8900F9E772 = {
						CreatedOnToolsVersion = 13.2.1;
						TestTargetID = BEF38AA628056B8400F9E772;
					};
					BEF38AC028056B8900F9E772 = {
						CreatedOnToolsVersion = 13.2.1;
						TestTargetID = BEF38AA628056B8400F9E772;
					};
				};
			};
			buildConfigurationList = BEF38AA228056B8400F9E772 /* Build configuration list for PBXProject "CNTIOSBootstrapApp" */;
			compatibilityVersion = "Xcode 13.0";
			developmentRegion = en;
			hasScannedForEncodings = 0;
			knownRegions = (
				en,
				Base,
			);
			mainGroup = BEF38A9E28056B8400F9E772;
			packageReferences = (
				BE5F9E522806A41300877445 /* XCRemoteSwiftPackageReference "lottie-ios" */,
			);
			productRefGroup = BEF38AA828056B8400F9E772 /* Products */;
			projectDirPath = "";
			projectRoot = "";
			targets = (
				BEF38AA628056B8400F9E772 /* CNTIOSBootstrapApp */,
				BEF38AB628056B8900F9E772 /* CNTIOSBootstrapAppTests */,
				BEF38AC028056B8900F9E772 /* CNTIOSBootstrapAppUITests */,
			);
		};
/* End PBXProject section */

/* Begin PBXResourcesBuildPhase section */
		BEF38AA528056B8400F9E772 /* Resources */ = {
			isa = PBXResourcesBuildPhase;
			buildActionMask = 2147483647;
			files = (
				BEF38AB228056B8800F9E772 /* Preview Assets.xcassets in Resources */,
				BEFA1581281711960003C569 /* campaigns.json in Resources */,
				BEF38AAF28056B8800F9E772 /* Assets.xcassets in Resources */,
				BEFA15752816AA300003C569 /* login.json in Resources */,
			);
			runOnlyForDeploymentPostprocessing = 0;
		};
		BEF38AB528056B8900F9E772 /* Resources */ = {
			isa = PBXResourcesBuildPhase;
			buildActionMask = 2147483647;
			files = (
			);
			runOnlyForDeploymentPostprocessing = 0;
		};
		BEF38ABF28056B8900F9E772 /* Resources */ = {
			isa = PBXResourcesBuildPhase;
			buildActionMask = 2147483647;
			files = (
			);
			runOnlyForDeploymentPostprocessing = 0;
		};
/* End PBXResourcesBuildPhase section */

/* Begin PBXSourcesBuildPhase section */
		BEF38AA328056B8400F9E772 /* Sources */ = {
			isa = PBXSourcesBuildPhase;
			buildActionMask = 2147483647;
			files = (
				BEF38AE028056D1F00F9E772 /* AppFonts.swift in Sources */,
				BEFA157028169D480003C569 /* NetworkError.swift in Sources */,
				BEA7B093280E94E10080258D /* Endpoints.swift in Sources */,
				BEFA157A281706590003C569 /* CampaignsViewModel.swift in Sources */,
				BEFA156C28169C6E0003C569 /* URLRequestBuilder.swift in Sources */,
				E41F1A5A2811217300BC5C7F /* LoginView.swift in Sources */,
				BEFA157228169E1D0003C569 /* Constants.swift in Sources */,
				BEF38AE228056D2A00F9E772 /* AppColors.swift in Sources */,
				E4AF612D2812456B00D592D3 /* AppTypographyStyleModifier.swift in Sources */,
				BEA7B089280E93520080258D /* AppState.swift in Sources */,
				BEF38AE928056D8200F9E772 /* TemplateView.swift in Sources */,
				BEFA157F28170BCA0003C569 /* CampaignsService.swift in Sources */,
				E4AF612A2812451E00D592D3 /* CNTButtonStyle.swift in Sources */,
				BEA7B08B280E936B0080258D /* Strings+.swift in Sources */,
				BEFA156028114B910003C569 /* MockURLProtocol.swift in Sources */,
				BEF38AAD28056B8400F9E772 /* ContentView.swift in Sources */,
				BEFA156228114BAF0003C569 /* APIService.swift in Sources */,
				BEA7B091280E94D50080258D /* LoginService.swift in Sources */,
				BEFA15682816983C0003C569 /* LoginResponse.swift in Sources */,
				BEFA156E28169C840003C569 /* AppSession.swift in Sources */,
				BEFA1578281704FE0003C569 /* CampaignsView.swift in Sources */,
				BEF38AAB28056B8400F9E772 /* CNTIOSBootstrapApp.swift in Sources */,
				E4AF612828123E7A00D592D3 /* AppTypographyStyle.swift in Sources */,
				E4AF612F2812462800D592D3 /* CNTButton.swift in Sources */,
				E4AF6134281246DA00D592D3 /* VisibilityModifier.swift in Sources */,
				BEF38AAB28056B8400F9E772 /* CNTIOSBootstrapApp.swift in Sources */,
				BEF38AE728056D6700F9E772 /* TemplateViewModel.swift in Sources */,
				BEFA156A2816993F0003C569 /* NetworkRouter.swift in Sources */,
				BEA7B08F280E94710080258D /* Campaigns.swift in Sources */,
				BEA7B08D280E943D0080258D /* CurrencyFormatter.swift in Sources */,
				E4AF6132281246B200D592D3 /* CNTTextField.swift in Sources */,
				BEFA157C281708600003C569 /* CampaignSummary.swift in Sources */,
				E4AF613628124FF200D592D3 /* LoginView+ViewModel.swift in Sources */,
			);
			runOnlyForDeploymentPostprocessing = 0;
		};
		BEF38AB328056B8900F9E772 /* Sources */ = {
			isa = PBXSourcesBuildPhase;
			buildActionMask = 2147483647;
			files = (
				BEFA15742816A2B00003C569 /* APIServicesTest.swift in Sources */,
				BEF38ABC28056B8900F9E772 /* CNTIOSBootstrapAppTests.swift in Sources */,
			);
			runOnlyForDeploymentPostprocessing = 0;
		};
		BEF38ABD28056B8900F9E772 /* Sources */ = {
			isa = PBXSourcesBuildPhase;
			buildActionMask = 2147483647;
			files = (
				BEF38AC828056B8900F9E772 /* CNTIOSBootstrapAppUITestsLaunchTests.swift in Sources */,
				BEF38AC628056B8900F9E772 /* CNTIOSBootstrapAppUITests.swift in Sources */,
			);
			runOnlyForDeploymentPostprocessing = 0;
		};
/* End PBXSourcesBuildPhase section */

/* Begin PBXTargetDependency section */
		BEF38AB928056B8900F9E772 /* PBXTargetDependency */ = {
			isa = PBXTargetDependency;
			target = BEF38AA628056B8400F9E772 /* CNTIOSBootstrapApp */;
			targetProxy = BEF38AB828056B8900F9E772 /* PBXContainerItemProxy */;
		};
		BEF38AC328056B8900F9E772 /* PBXTargetDependency */ = {
			isa = PBXTargetDependency;
			target = BEF38AA628056B8400F9E772 /* CNTIOSBootstrapApp */;
			targetProxy = BEF38AC228056B8900F9E772 /* PBXContainerItemProxy */;
		};
/* End PBXTargetDependency section */

/* Begin XCBuildConfiguration section */
		BEF38AC928056B8900F9E772 /* Debug */ = {
			isa = XCBuildConfiguration;
			buildSettings = {
				ALWAYS_SEARCH_USER_PATHS = NO;
				CLANG_ANALYZER_NONNULL = YES;
				CLANG_ANALYZER_NUMBER_OBJECT_CONVERSION = YES_AGGRESSIVE;
				CLANG_CXX_LANGUAGE_STANDARD = "gnu++17";
				CLANG_CXX_LIBRARY = "libc++";
				CLANG_ENABLE_MODULES = YES;
				CLANG_ENABLE_OBJC_ARC = YES;
				CLANG_ENABLE_OBJC_WEAK = YES;
				CLANG_WARN_BLOCK_CAPTURE_AUTORELEASING = YES;
				CLANG_WARN_BOOL_CONVERSION = YES;
				CLANG_WARN_COMMA = YES;
				CLANG_WARN_CONSTANT_CONVERSION = YES;
				CLANG_WARN_DEPRECATED_OBJC_IMPLEMENTATIONS = YES;
				CLANG_WARN_DIRECT_OBJC_ISA_USAGE = YES_ERROR;
				CLANG_WARN_DOCUMENTATION_COMMENTS = YES;
				CLANG_WARN_EMPTY_BODY = YES;
				CLANG_WARN_ENUM_CONVERSION = YES;
				CLANG_WARN_INFINITE_RECURSION = YES;
				CLANG_WARN_INT_CONVERSION = YES;
				CLANG_WARN_NON_LITERAL_NULL_CONVERSION = YES;
				CLANG_WARN_OBJC_IMPLICIT_RETAIN_SELF = YES;
				CLANG_WARN_OBJC_LITERAL_CONVERSION = YES;
				CLANG_WARN_OBJC_ROOT_CLASS = YES_ERROR;
				CLANG_WARN_QUOTED_INCLUDE_IN_FRAMEWORK_HEADER = YES;
				CLANG_WARN_RANGE_LOOP_ANALYSIS = YES;
				CLANG_WARN_STRICT_PROTOTYPES = YES;
				CLANG_WARN_SUSPICIOUS_MOVE = YES;
				CLANG_WARN_UNGUARDED_AVAILABILITY = YES_AGGRESSIVE;
				CLANG_WARN_UNREACHABLE_CODE = YES;
				CLANG_WARN__DUPLICATE_METHOD_MATCH = YES;
				COPY_PHASE_STRIP = NO;
				DEBUG_INFORMATION_FORMAT = dwarf;
				ENABLE_STRICT_OBJC_MSGSEND = YES;
				ENABLE_TESTABILITY = YES;
				GCC_C_LANGUAGE_STANDARD = gnu11;
				GCC_DYNAMIC_NO_PIC = NO;
				GCC_NO_COMMON_BLOCKS = YES;
				GCC_OPTIMIZATION_LEVEL = 0;
				GCC_PREPROCESSOR_DEFINITIONS = (
					"DEBUG=1",
					"$(inherited)",
				);
				GCC_WARN_64_TO_32_BIT_CONVERSION = YES;
				GCC_WARN_ABOUT_RETURN_TYPE = YES_ERROR;
				GCC_WARN_UNDECLARED_SELECTOR = YES;
				GCC_WARN_UNINITIALIZED_AUTOS = YES_AGGRESSIVE;
				GCC_WARN_UNUSED_FUNCTION = YES;
				GCC_WARN_UNUSED_VARIABLE = YES;
				IPHONEOS_DEPLOYMENT_TARGET = 14.0;
				MTL_ENABLE_DEBUG_INFO = INCLUDE_SOURCE;
				MTL_FAST_MATH = YES;
				ONLY_ACTIVE_ARCH = YES;
				SDKROOT = iphoneos;
				SWIFT_ACTIVE_COMPILATION_CONDITIONS = DEBUG;
				SWIFT_OPTIMIZATION_LEVEL = "-Onone";
			};
			name = Debug;
		};
		BEF38ACA28056B8900F9E772 /* Release */ = {
			isa = XCBuildConfiguration;
			buildSettings = {
				ALWAYS_SEARCH_USER_PATHS = NO;
				CLANG_ANALYZER_NONNULL = YES;
				CLANG_ANALYZER_NUMBER_OBJECT_CONVERSION = YES_AGGRESSIVE;
				CLANG_CXX_LANGUAGE_STANDARD = "gnu++17";
				CLANG_CXX_LIBRARY = "libc++";
				CLANG_ENABLE_MODULES = YES;
				CLANG_ENABLE_OBJC_ARC = YES;
				CLANG_ENABLE_OBJC_WEAK = YES;
				CLANG_WARN_BLOCK_CAPTURE_AUTORELEASING = YES;
				CLANG_WARN_BOOL_CONVERSION = YES;
				CLANG_WARN_COMMA = YES;
				CLANG_WARN_CONSTANT_CONVERSION = YES;
				CLANG_WARN_DEPRECATED_OBJC_IMPLEMENTATIONS = YES;
				CLANG_WARN_DIRECT_OBJC_ISA_USAGE = YES_ERROR;
				CLANG_WARN_DOCUMENTATION_COMMENTS = YES;
				CLANG_WARN_EMPTY_BODY = YES;
				CLANG_WARN_ENUM_CONVERSION = YES;
				CLANG_WARN_INFINITE_RECURSION = YES;
				CLANG_WARN_INT_CONVERSION = YES;
				CLANG_WARN_NON_LITERAL_NULL_CONVERSION = YES;
				CLANG_WARN_OBJC_IMPLICIT_RETAIN_SELF = YES;
				CLANG_WARN_OBJC_LITERAL_CONVERSION = YES;
				CLANG_WARN_OBJC_ROOT_CLASS = YES_ERROR;
				CLANG_WARN_QUOTED_INCLUDE_IN_FRAMEWORK_HEADER = YES;
				CLANG_WARN_RANGE_LOOP_ANALYSIS = YES;
				CLANG_WARN_STRICT_PROTOTYPES = YES;
				CLANG_WARN_SUSPICIOUS_MOVE = YES;
				CLANG_WARN_UNGUARDED_AVAILABILITY = YES_AGGRESSIVE;
				CLANG_WARN_UNREACHABLE_CODE = YES;
				CLANG_WARN__DUPLICATE_METHOD_MATCH = YES;
				COPY_PHASE_STRIP = NO;
				DEBUG_INFORMATION_FORMAT = "dwarf-with-dsym";
				ENABLE_NS_ASSERTIONS = NO;
				ENABLE_STRICT_OBJC_MSGSEND = YES;
				GCC_C_LANGUAGE_STANDARD = gnu11;
				GCC_NO_COMMON_BLOCKS = YES;
				GCC_WARN_64_TO_32_BIT_CONVERSION = YES;
				GCC_WARN_ABOUT_RETURN_TYPE = YES_ERROR;
				GCC_WARN_UNDECLARED_SELECTOR = YES;
				GCC_WARN_UNINITIALIZED_AUTOS = YES_AGGRESSIVE;
				GCC_WARN_UNUSED_FUNCTION = YES;
				GCC_WARN_UNUSED_VARIABLE = YES;
				IPHONEOS_DEPLOYMENT_TARGET = 14.0;
				MTL_ENABLE_DEBUG_INFO = NO;
				MTL_FAST_MATH = YES;
				SDKROOT = iphoneos;
				SWIFT_COMPILATION_MODE = wholemodule;
				SWIFT_OPTIMIZATION_LEVEL = "-O";
				VALIDATE_PRODUCT = YES;
			};
			name = Release;
		};
		BEF38ACC28056B8900F9E772 /* Debug */ = {
			isa = XCBuildConfiguration;
			buildSettings = {
				ASSETCATALOG_COMPILER_APPICON_NAME = AppIcon;
				ASSETCATALOG_COMPILER_GLOBAL_ACCENT_COLOR_NAME = AccentColor;
				CODE_SIGN_STYLE = Automatic;
				CURRENT_PROJECT_VERSION = 1;
				DEVELOPMENT_ASSET_PATHS = "\"CNTIOSBootstrapApp/Preview Content\"";
				ENABLE_PREVIEWS = YES;
				GENERATE_INFOPLIST_FILE = YES;
				INFOPLIST_KEY_UIApplicationSceneManifest_Generation = YES;
				INFOPLIST_KEY_UIApplicationSupportsIndirectInputEvents = YES;
				INFOPLIST_KEY_UILaunchScreen_Generation = YES;
				INFOPLIST_KEY_UISupportedInterfaceOrientations_iPad = "UIInterfaceOrientationPortrait UIInterfaceOrientationPortraitUpsideDown UIInterfaceOrientationLandscapeLeft UIInterfaceOrientationLandscapeRight";
				INFOPLIST_KEY_UISupportedInterfaceOrientations_iPhone = "UIInterfaceOrientationPortrait UIInterfaceOrientationLandscapeLeft UIInterfaceOrientationLandscapeRight";
				LD_RUNPATH_SEARCH_PATHS = (
					"$(inherited)",
					"@executable_path/Frameworks",
				);
				MARKETING_VERSION = 1.0;
				PRODUCT_BUNDLE_IDENTIFIER = "code-and-theory.UrbanLegend";
				PRODUCT_NAME = "$(TARGET_NAME)";
				SWIFT_EMIT_LOC_STRINGS = YES;
				SWIFT_VERSION = 5.0;
				TARGETED_DEVICE_FAMILY = "1,2";
			};
			name = Debug;
		};
		BEF38ACD28056B8900F9E772 /* Release */ = {
			isa = XCBuildConfiguration;
			buildSettings = {
				ASSETCATALOG_COMPILER_APPICON_NAME = AppIcon;
				ASSETCATALOG_COMPILER_GLOBAL_ACCENT_COLOR_NAME = AccentColor;
				CODE_SIGN_STYLE = Automatic;
				CURRENT_PROJECT_VERSION = 1;
				DEVELOPMENT_ASSET_PATHS = "\"CNTIOSBootstrapApp/Preview Content\"";
				ENABLE_PREVIEWS = YES;
				GENERATE_INFOPLIST_FILE = YES;
				INFOPLIST_KEY_UIApplicationSceneManifest_Generation = YES;
				INFOPLIST_KEY_UIApplicationSupportsIndirectInputEvents = YES;
				INFOPLIST_KEY_UILaunchScreen_Generation = YES;
				INFOPLIST_KEY_UISupportedInterfaceOrientations_iPad = "UIInterfaceOrientationPortrait UIInterfaceOrientationPortraitUpsideDown UIInterfaceOrientationLandscapeLeft UIInterfaceOrientationLandscapeRight";
				INFOPLIST_KEY_UISupportedInterfaceOrientations_iPhone = "UIInterfaceOrientationPortrait UIInterfaceOrientationLandscapeLeft UIInterfaceOrientationLandscapeRight";
				LD_RUNPATH_SEARCH_PATHS = (
					"$(inherited)",
					"@executable_path/Frameworks",
				);
				MARKETING_VERSION = 1.0;
				PRODUCT_BUNDLE_IDENTIFIER = "code-and-theory.UrbanLegend";
				PRODUCT_NAME = "$(TARGET_NAME)";
				SWIFT_EMIT_LOC_STRINGS = YES;
				SWIFT_VERSION = 5.0;
				TARGETED_DEVICE_FAMILY = "1,2";
			};
			name = Release;
		};
		BEF38ACF28056B8900F9E772 /* Debug */ = {
			isa = XCBuildConfiguration;
			buildSettings = {
				ALWAYS_EMBED_SWIFT_STANDARD_LIBRARIES = YES;
				BUNDLE_LOADER = "$(TEST_HOST)";
				CODE_SIGN_STYLE = Automatic;
				CURRENT_PROJECT_VERSION = 1;
				GENERATE_INFOPLIST_FILE = YES;
				IPHONEOS_DEPLOYMENT_TARGET = 15.2;
				MARKETING_VERSION = 1.0;
				PRODUCT_BUNDLE_IDENTIFIER = "code-and-theory.UrbanLegendTests";
				PRODUCT_NAME = "$(TARGET_NAME)";
				SWIFT_EMIT_LOC_STRINGS = NO;
				SWIFT_VERSION = 5.0;
				TARGETED_DEVICE_FAMILY = "1,2";
				TEST_HOST = "$(BUILT_PRODUCTS_DIR)/CNTIOSBootstrapApp.app/CNTIOSBootstrapApp";
			};
			name = Debug;
		};
		BEF38AD028056B8900F9E772 /* Release */ = {
			isa = XCBuildConfiguration;
			buildSettings = {
				ALWAYS_EMBED_SWIFT_STANDARD_LIBRARIES = YES;
				BUNDLE_LOADER = "$(TEST_HOST)";
				CODE_SIGN_STYLE = Automatic;
				CURRENT_PROJECT_VERSION = 1;
				GENERATE_INFOPLIST_FILE = YES;
				IPHONEOS_DEPLOYMENT_TARGET = 15.2;
				MARKETING_VERSION = 1.0;
				PRODUCT_BUNDLE_IDENTIFIER = "code-and-theory.UrbanLegendTests";
				PRODUCT_NAME = "$(TARGET_NAME)";
				SWIFT_EMIT_LOC_STRINGS = NO;
				SWIFT_VERSION = 5.0;
				TARGETED_DEVICE_FAMILY = "1,2";
				TEST_HOST = "$(BUILT_PRODUCTS_DIR)/CNTIOSBootstrapApp.app/CNTIOSBootstrapApp";
			};
			name = Release;
		};
		BEF38AD228056B8900F9E772 /* Debug */ = {
			isa = XCBuildConfiguration;
			buildSettings = {
				ALWAYS_EMBED_SWIFT_STANDARD_LIBRARIES = YES;
				CODE_SIGN_STYLE = Automatic;
				CURRENT_PROJECT_VERSION = 1;
				GENERATE_INFOPLIST_FILE = YES;
				MARKETING_VERSION = 1.0;
				PRODUCT_BUNDLE_IDENTIFIER = "code-and-theory.UrbanLegendUITests";
				PRODUCT_NAME = "$(TARGET_NAME)";
				SWIFT_EMIT_LOC_STRINGS = NO;
				SWIFT_VERSION = 5.0;
				TARGETED_DEVICE_FAMILY = "1,2";
				TEST_TARGET_NAME = UrbanLegend;
			};
			name = Debug;
		};
		BEF38AD328056B8900F9E772 /* Release */ = {
			isa = XCBuildConfiguration;
			buildSettings = {
				ALWAYS_EMBED_SWIFT_STANDARD_LIBRARIES = YES;
				CODE_SIGN_STYLE = Automatic;
				CURRENT_PROJECT_VERSION = 1;
				GENERATE_INFOPLIST_FILE = YES;
				MARKETING_VERSION = 1.0;
				PRODUCT_BUNDLE_IDENTIFIER = "code-and-theory.UrbanLegendUITests";
				PRODUCT_NAME = "$(TARGET_NAME)";
				SWIFT_EMIT_LOC_STRINGS = NO;
				SWIFT_VERSION = 5.0;
				TARGETED_DEVICE_FAMILY = "1,2";
				TEST_TARGET_NAME = UrbanLegend;
			};
			name = Release;
		};
/* End XCBuildConfiguration section */

/* Begin XCConfigurationList section */
		BEF38AA228056B8400F9E772 /* Build configuration list for PBXProject "CNTIOSBootstrapApp" */ = {
			isa = XCConfigurationList;
			buildConfigurations = (
				BEF38AC928056B8900F9E772 /* Debug */,
				BEF38ACA28056B8900F9E772 /* Release */,
			);
			defaultConfigurationIsVisible = 0;
			defaultConfigurationName = Release;
		};
		BEF38ACB28056B8900F9E772 /* Build configuration list for PBXNativeTarget "CNTIOSBootstrapApp" */ = {
			isa = XCConfigurationList;
			buildConfigurations = (
				BEF38ACC28056B8900F9E772 /* Debug */,
				BEF38ACD28056B8900F9E772 /* Release */,
			);
			defaultConfigurationIsVisible = 0;
			defaultConfigurationName = Release;
		};
		BEF38ACE28056B8900F9E772 /* Build configuration list for PBXNativeTarget "CNTIOSBootstrapAppTests" */ = {
			isa = XCConfigurationList;
			buildConfigurations = (
				BEF38ACF28056B8900F9E772 /* Debug */,
				BEF38AD028056B8900F9E772 /* Release */,
			);
			defaultConfigurationIsVisible = 0;
			defaultConfigurationName = Release;
		};
		BEF38AD128056B8900F9E772 /* Build configuration list for PBXNativeTarget "CNTIOSBootstrapAppUITests" */ = {
			isa = XCConfigurationList;
			buildConfigurations = (
				BEF38AD228056B8900F9E772 /* Debug */,
				BEF38AD328056B8900F9E772 /* Release */,
			);
			defaultConfigurationIsVisible = 0;
			defaultConfigurationName = Release;
		};
/* End XCConfigurationList section */

/* Begin XCRemoteSwiftPackageReference section */
		BE5F9E522806A41300877445 /* XCRemoteSwiftPackageReference "lottie-ios" */ = {
			isa = XCRemoteSwiftPackageReference;
			repositoryURL = "https://github.com/airbnb/lottie-ios";
			requirement = {
				kind = upToNextMajorVersion;
				minimumVersion = 3.0.0;
			};
		};
/* End XCRemoteSwiftPackageReference section */

/* Begin XCSwiftPackageProductDependency section */
		BE5F9E532806A41300877445 /* Lottie */ = {
			isa = XCSwiftPackageProductDependency;
			package = BE5F9E522806A41300877445 /* XCRemoteSwiftPackageReference "lottie-ios" */;
			productName = Lottie;
		};
/* End XCSwiftPackageProductDependency section */
	};
	rootObject = BEF38A9F28056B8400F9E772 /* Project object */;
}
